
Microsoft Visual Studio Solution File, Format Version 12.00
# Visual Studio Version 17
VisualStudioVersion = 17.0.31919.166
MinimumVisualStudioVersion = 10.0.40219.1
Project("{9A19103F-16F7-4668-BE54-9A1E7A4F7556}") = "SeaHoldemApi", "SeaHoldemApi\SeaHoldemApi.csproj", "{42EFA63C-E4B9-4EB3-BF6E-0BBF82FFDC20}"
EndProject
Project("{9A19103F-16F7-4668-BE54-9A1E7A4F7556}") = "SeaHoldemWeb", "SeaHoldemWeb\SeaHoldemWeb.csproj", "{FDCA2D00-8592-44D1-8150-15810ABFF533}"
EndProject
Project("{9A19103F-16F7-4668-BE54-9A1E7A4F7556}") = "SeaHoldemLogic", "SeaHoldemLogic\SeaHoldemLogic.csproj", "{154821A0-762C-45E2-9F27-0B1F2FDF8798}"
EndProject
Project("{FAE04EC0-301F-11D3-BF4B-00C04F79EFBC}") = "SeaHoldemExtensions", "SeaHoldemExtensions\SeaHoldemExtensions.csproj", "{0BDF0CBA-CF32-457C-A32A-62E42555D48F}"
EndProject
Global
	GlobalSection(SolutionConfigurationPlatforms) = preSolution
		Debug|Any CPU = Debug|Any CPU
		Release|Any CPU = Release|Any CPU
	EndGlobalSection
	GlobalSection(ProjectConfigurationPlatforms) = postSolution
		{42EFA63C-E4B9-4EB3-BF6E-0BBF82FFDC20}.Debug|Any CPU.ActiveCfg = Debug|Any CPU
		{42EFA63C-E4B9-4EB3-BF6E-0BBF82FFDC20}.Debug|Any CPU.Build.0 = Debug|Any CPU
		{42EFA63C-E4B9-4EB3-BF6E-0BBF82FFDC20}.Release|Any CPU.ActiveCfg = Release|Any CPU
		{42EFA63C-E4B9-4EB3-BF6E-0BBF82FFDC20}.Release|Any CPU.Build.0 = Release|Any CPU
		{FDCA2D00-8592-44D1-8150-15810ABFF533}.Debug|Any CPU.ActiveCfg = Debug|Any CPU
		{FDCA2D00-8592-44D1-8150-15810ABFF533}.Debug|Any CPU.Build.0 = Debug|Any CPU
		{FDCA2D00-8592-44D1-8150-15810ABFF533}.Release|Any CPU.ActiveCfg = Release|Any CPU
		{FDCA2D00-8592-44D1-8150-15810ABFF533}.Release|Any CPU.Build.0 = Release|Any CPU
		{154821A0-762C-45E2-9F27-0B1F2FDF8798}.Debug|Any CPU.ActiveCfg = Debug|Any CPU
		{154821A0-762C-45E2-9F27-0B1F2FDF8798}.Debug|Any CPU.Build.0 = Debug|Any CPU
		{154821A0-762C-45E2-9F27-0B1F2FDF8798}.Release|Any CPU.ActiveCfg = Release|Any CPU
		{154821A0-762C-45E2-9F27-0B1F2FDF8798}.Release|Any CPU.Build.0 = Release|Any CPU
		{0BDF0CBA-CF32-457C-A32A-62E42555D48F}.Debug|Any CPU.ActiveCfg = Debug|Any CPU
		{0BDF0CBA-CF32-457C-A32A-62E42555D48F}.Debug|Any CPU.Build.0 = Debug|Any CPU
		{0BDF0CBA-CF32-457C-A32A-62E42555D48F}.Release|Any CPU.ActiveCfg = Release|Any CPU
		{0BDF0CBA-CF32-457C-A32A-62E42555D48F}.Release|Any CPU.Build.0 = Release|Any CPU
	EndGlobalSection
	GlobalSection(SolutionProperties) = preSolution
		HideSolutionNode = FALSE
	EndGlobalSection
	GlobalSection(ExtensibilityGlobals) = postSolution
		SolutionGuid = {EF260666-3042-46F7-B780-0A5175EAF191}
	EndGlobalSection
EndGlobal
